// !$*UTF8*$!
{
	archiveVersion = 1;
	classes = {
	};
	objectVersion = 50;
	objects = {

/* Begin PBXBuildFile section */
		2CEE96EF2433ECE30091CDC2 /* AppDelegate.swift in Sources */ = {isa = PBXBuildFile; fileRef = 2CEE96EE2433ECE30091CDC2 /* AppDelegate.swift */; };
		2CEE96F12433ECE30091CDC2 /* SceneDelegate.swift in Sources */ = {isa = PBXBuildFile; fileRef = 2CEE96F02433ECE30091CDC2 /* SceneDelegate.swift */; };
		2CEE96F32433ECE30091CDC2 /* ContentView.swift in Sources */ = {isa = PBXBuildFile; fileRef = 2CEE96F22433ECE30091CDC2 /* ContentView.swift */; };
		2CEE96F52433ECE40091CDC2 /* Assets.xcassets in Resources */ = {isa = PBXBuildFile; fileRef = 2CEE96F42433ECE40091CDC2 /* Assets.xcassets */; };
		2CEE96F82433ECE40091CDC2 /* Preview Assets.xcassets in Resources */ = {isa = PBXBuildFile; fileRef = 2CEE96F72433ECE40091CDC2 /* Preview Assets.xcassets */; };
		2CEE96FB2433ECE40091CDC2 /* LaunchScreen.storyboard in Resources */ = {isa = PBXBuildFile; fileRef = 2CEE96F92433ECE40091CDC2 /* LaunchScreen.storyboard */; };
		2CEE97062433ECE50091CDC2 /* HikingTests.swift in Sources */ = {isa = PBXBuildFile; fileRef = 2CEE97052433ECE50091CDC2 /* HikingTests.swift */; };
		2CEE97112433ECE50091CDC2 /* HikingUITests.swift in Sources */ = {isa = PBXBuildFile; fileRef = 2CEE97102433ECE50091CDC2 /* HikingUITests.swift */; };
/* End PBXBuildFile section */

/* Begin PBXContainerItemProxy section */
		2CEE97022433ECE50091CDC2 /* PBXContainerItemProxy */ = {
			isa = PBXContainerItemProxy;
			containerPortal = 2CEE96E32433ECE30091CDC2 /* Project object */;
			proxyType = 1;
			remoteGlobalIDString = 2CEE96EA2433ECE30091CDC2;
			remoteInfo = Hiking;
		};
		2CEE970D2433ECE50091CDC2 /* PBXContainerItemProxy */ = {
			isa = PBXContainerItemProxy;
			containerPortal = 2CEE96E32433ECE30091CDC2 /* Project object */;
			proxyType = 1;
			remoteGlobalIDString = 2CEE96EA2433ECE30091CDC2;
			remoteInfo = Hiking;
		};
/* End PBXContainerItemProxy section */

/* Begin PBXFileReference section */
		2CEE96EB2433ECE30091CDC2 /* Hiking.app */ = {isa = PBXFileReference; explicitFileType = wrapper.application; includeInIndex = 0; path = Hiking.app; sourceTree = BUILT_PRODUCTS_DIR; };
		2CEE96EE2433ECE30091CDC2 /* AppDelegate.swift */ = {isa = PBXFileReference; lastKnownFileType = sourcecode.swift; path = AppDelegate.swift; sourceTree = "<group>"; };
		2CEE96F02433ECE30091CDC2 /* SceneDelegate.swift */ = {isa = PBXFileReference; lastKnownFileType = sourcecode.swift; path = SceneDelegate.swift; sourceTree = "<group>"; };
		2CEE96F22433ECE30091CDC2 /* ContentView.swift */ = {isa = PBXFileReference; lastKnownFileType = sourcecode.swift; path = ContentView.swift; sourceTree = "<group>"; };
		2CEE96F42433ECE40091CDC2 /* Assets.xcassets */ = {isa = PBXFileReference; lastKnownFileType = folder.assetcatalog; path = Assets.xcassets; sourceTree = "<group>"; };
		2CEE96F72433ECE40091CDC2 /* Preview Assets.xcassets */ = {isa = PBXFileReference; lastKnownFileType = folder.assetcatalog; path = "Preview Assets.xcassets"; sourceTree = "<group>"; };
		2CEE96FA2433ECE40091CDC2 /* Base */ = {isa = PBXFileReference; lastKnownFileType = file.storyboard; name = Base; path = Base.lproj/LaunchScreen.storyboard; sourceTree = "<group>"; };
		2CEE96FC2433ECE40091CDC2 /* Info.plist */ = {isa = PBXFileReference; lastKnownFileType = text.plist.xml; path = Info.plist; sourceTree = "<group>"; };
		2CEE97012433ECE50091CDC2 /* HikingTests.xctest */ = {isa = PBXFileReference; explicitFileType = wrapper.cfbundle; includeInIndex = 0; path = HikingTests.xctest; sourceTree = BUILT_PRODUCTS_DIR; };
		2CEE97052433ECE50091CDC2 /* HikingTests.swift */ = {isa = PBXFileReference; lastKnownFileType = sourcecode.swift; path = HikingTests.swift; sourceTree = "<group>"; };
		2CEE97072433ECE50091CDC2 /* Info.plist */ = {isa = PBXFileReference; lastKnownFileType = text.plist.xml; path = Info.plist; sourceTree = "<group>"; };
		2CEE970C2433ECE50091CDC2 /* HikingUITests.xctest */ = {isa = PBXFileReference; explicitFileType = wrapper.cfbundle; includeInIndex = 0; path = HikingUITests.xctest; sourceTree = BUILT_PRODUCTS_DIR; };
		2CEE97102433ECE50091CDC2 /* HikingUITests.swift */ = {isa = PBXFileReference; lastKnownFileType = sourcecode.swift; path = HikingUITests.swift; sourceTree = "<group>"; };
		2CEE97122433ECE50091CDC2 /* Info.plist */ = {isa = PBXFileReference; lastKnownFileType = text.plist.xml; path = Info.plist; sourceTree = "<group>"; };
/* End PBXFileReference section */

/* Begin PBXFrameworksBuildPhase section */
		2CEE96E82433ECE30091CDC2 /* Frameworks */ = {
			isa = PBXFrameworksBuildPhase;
			buildActionMask = 2147483647;
			files = (
			);
			runOnlyForDeploymentPostprocessing = 0;
		};
		2CEE96FE2433ECE50091CDC2 /* Frameworks */ = {
			isa = PBXFrameworksBuildPhase;
			buildActionMask = 2147483647;
			files = (
			);
			runOnlyForDeploymentPostprocessing = 0;
		};
		2CEE97092433ECE50091CDC2 /* Frameworks */ = {
			isa = PBXFrameworksBuildPhase;
			buildActionMask = 2147483647;
			files = (
			);
			runOnlyForDeploymentPostprocessing = 0;
		};
/* End PBXFrameworksBuildPhase section */

/* Begin PBXGroup section */
		2CEE96E22433ECE30091CDC2 = {
			isa = PBXGroup;
			children = (
				2CEE96ED2433ECE30091CDC2 /* Hiking */,
				2CEE97042433ECE50091CDC2 /* HikingTests */,
				2CEE970F2433ECE50091CDC2 /* HikingUITests */,
				2CEE96EC2433ECE30091CDC2 /* Products */,
			);
			sourceTree = "<group>";
		};
		2CEE96EC2433ECE30091CDC2 /* Products */ = {
			isa = PBXGroup;
			children = (
				2CEE96EB2433ECE30091CDC2 /* Hiking.app */,
				2CEE97012433ECE50091CDC2 /* HikingTests.xctest */,
				2CEE970C2433ECE50091CDC2 /* HikingUITests.xctest */,
			);
			name = Products;
			sourceTree = "<group>";
		};
		2CEE96ED2433ECE30091CDC2 /* Hiking */ = {
			isa = PBXGroup;
			children = (
				2CEE96EE2433ECE30091CDC2 /* AppDelegate.swift */,
				2CEE96F02433ECE30091CDC2 /* SceneDelegate.swift */,
				2CEE96F22433ECE30091CDC2 /* ContentView.swift */,
				2CEE96F42433ECE40091CDC2 /* Assets.xcassets */,
				2CEE96F92433ECE40091CDC2 /* LaunchScreen.storyboard */,
				2CEE96FC2433ECE40091CDC2 /* Info.plist */,
				2CEE96F62433ECE40091CDC2 /* Preview Content */,
			);
			path = Hiking;
			sourceTree = "<group>";
		};
		2CEE96F62433ECE40091CDC2 /* Preview Content */ = {
			isa = PBXGroup;
			children = (
				2CEE96F72433ECE40091CDC2 /* Preview Assets.xcassets */,
			);
			path = "Preview Content";
			sourceTree = "<group>";
		};
		2CEE97042433ECE50091CDC2 /* HikingTests */ = {
			isa = PBXGroup;
			children = (
				2CEE97052433ECE50091CDC2 /* HikingTests.swift */,
				2CEE97072433ECE50091CDC2 /* Info.plist */,
			);
			path = HikingTests;
			sourceTree = "<group>";
		};
		2CEE970F2433ECE50091CDC2 /* HikingUITests */ = {
			isa = PBXGroup;
			children = (
				2CEE97102433ECE50091CDC2 /* HikingUITests.swift */,
				2CEE97122433ECE50091CDC2 /* Info.plist */,
			);
			path = HikingUITests;
			sourceTree = "<group>";
		};
/* End PBXGroup section */

/* Begin PBXNativeTarget section */
		2CEE96EA2433ECE30091CDC2 /* Hiking */ = {
			isa = PBXNativeTarget;
			buildConfigurationList = 2CEE97152433ECE50091CDC2 /* Build configuration list for PBXNativeTarget "Hiking" */;
			buildPhases = (
				2CEE96E72433ECE30091CDC2 /* Sources */,
				2CEE96E82433ECE30091CDC2 /* Frameworks */,
				2CEE96E92433ECE30091CDC2 /* Resources */,
			);
			buildRules = (
			);
			dependencies = (
			);
			name = Hiking;
			productName = Hiking;
			productReference = 2CEE96EB2433ECE30091CDC2 /* Hiking.app */;
			productType = "com.apple.product-type.application";
		};
		2CEE97002433ECE50091CDC2 /* HikingTests */ = {
			isa = PBXNativeTarget;
			buildConfigurationList = 2CEE97182433ECE50091CDC2 /* Build configuration list for PBXNativeTarget "HikingTests" */;
			buildPhases = (
				2CEE96FD2433ECE50091CDC2 /* Sources */,
				2CEE96FE2433ECE50091CDC2 /* Frameworks */,
				2CEE96FF2433ECE50091CDC2 /* Resources */,
			);
			buildRules = (
			);
			dependencies = (
				2CEE97032433ECE50091CDC2 /* PBXTargetDependency */,
			);
			name = HikingTests;
			productName = HikingTests;
			productReference = 2CEE97012433ECE50091CDC2 /* HikingTests.xctest */;
			productType = "com.apple.product-type.bundle.unit-test";
		};
		2CEE970B2433ECE50091CDC2 /* HikingUITests */ = {
			isa = PBXNativeTarget;
			buildConfigurationList = 2CEE971B2433ECE50091CDC2 /* Build configuration list for PBXNativeTarget "HikingUITests" */;
			buildPhases = (
				2CEE97082433ECE50091CDC2 /* Sources */,
				2CEE97092433ECE50091CDC2 /* Frameworks */,
				2CEE970A2433ECE50091CDC2 /* Resources */,
			);
			buildRules = (
			);
			dependencies = (
				2CEE970E2433ECE50091CDC2 /* PBXTargetDependency */,
			);
			name = HikingUITests;
			productName = HikingUITests;
			productReference = 2CEE970C2433ECE50091CDC2 /* HikingUITests.xctest */;
			productType = "com.apple.product-type.bundle.ui-testing";
		};
/* End PBXNativeTarget section */

/* Begin PBXProject section */
		2CEE96E32433ECE30091CDC2 /* Project object */ = {
			isa = PBXProject;
			attributes = {
				LastSwiftUpdateCheck = 1140;
				LastUpgradeCheck = 1140;
				ORGANIZATIONNAME = "Ivan Sokolovskii";
				TargetAttributes = {
					2CEE96EA2433ECE30091CDC2 = {
						CreatedOnToolsVersion = 11.4;
					};
					2CEE97002433ECE50091CDC2 = {
						CreatedOnToolsVersion = 11.4;
						TestTargetID = 2CEE96EA2433ECE30091CDC2;
					};
					2CEE970B2433ECE50091CDC2 = {
						CreatedOnToolsVersion = 11.4;
						TestTargetID = 2CEE96EA2433ECE30091CDC2;
					};
				};
			};
			buildConfigurationList = 2CEE96E62433ECE30091CDC2 /* Build configuration list for PBXProject "Hiking" */;
			compatibilityVersion = "Xcode 9.3";
			developmentRegion = en;
			hasScannedForEncodings = 0;
			knownRegions = (
				en,
				Base,
			);
			mainGroup = 2CEE96E22433ECE30091CDC2;
			productRefGroup = 2CEE96EC2433ECE30091CDC2 /* Products */;
			projectDirPath = "";
			projectRoot = "";
			targets = (
				2CEE96EA2433ECE30091CDC2 /* Hiking */,
				2CEE97002433ECE50091CDC2 /* HikingTests */,
				2CEE970B2433ECE50091CDC2 /* HikingUITests */,
			);
		};
/* End PBXProject section */

/* Begin PBXResourcesBuildPhase section */
		2CEE96E92433ECE30091CDC2 /* Resources */ = {
			isa = PBXResourcesBuildPhase;
			buildActionMask = 2147483647;
			files = (
				2CEE96FB2433ECE40091CDC2 /* LaunchScreen.storyboard in Resources */,
				2CEE96F82433ECE40091CDC2 /* Preview Assets.xcassets in Resources */,
				2CEE96F52433ECE40091CDC2 /* Assets.xcassets in Resources */,
			);
			runOnlyForDeploymentPostprocessing = 0;
		};
		2CEE96FF2433ECE50091CDC2 /* Resources */ = {
			isa = PBXResourcesBuildPhase;
			buildActionMask = 2147483647;
			files = (
			);
			runOnlyForDeploymentPostprocessing = 0;
		};
		2CEE970A2433ECE50091CDC2 /* Resources */ = {
			isa = PBXResourcesBuildPhase;
			buildActionMask = 2147483647;
			files = (
			);
			runOnlyForDeploymentPostprocessing = 0;
		};
/* End PBXResourcesBuildPhase section */

/* Begin PBXSourcesBuildPhase section */
		2CEE96E72433ECE30091CDC2 /* Sources */ = {
			isa = PBXSourcesBuildPhase;
			buildActionMask = 2147483647;
			files = (
				2CEE96EF2433ECE30091CDC2 /* AppDelegate.swift in Sources */,
				2CEE96F12433ECE30091CDC2 /* SceneDelegate.swift in Sources */,
				2CEE96F32433ECE30091CDC2 /* ContentView.swift in Sources */,
			);
			runOnlyForDeploymentPostprocessing = 0;
		};
		2CEE96FD2433ECE50091CDC2 /* Sources */ = {
			isa = PBXSourcesBuildPhase;
			buildActionMask = 2147483647;
			files = (
				2CEE97062433ECE50091CDC2 /* HikingTests.swift in Sources */,
			);
			runOnlyForDeploymentPostprocessing = 0;
		};
		2CEE97082433ECE50091CDC2 /* Sources */ = {
			isa = PBXSourcesBuildPhase;
			buildActionMask = 2147483647;
			files = (
				2CEE97112433ECE50091CDC2 /* HikingUITests.swift in Sources */,
			);
			runOnlyForDeploymentPostprocessing = 0;
		};
/* End PBXSourcesBuildPhase section */

/* Begin PBXTargetDependency section */
		2CEE97032433ECE50091CDC2 /* PBXTargetDependency */ = {
			isa = PBXTargetDependency;
			target = 2CEE96EA2433ECE30091CDC2 /* Hiking */;
			targetProxy = 2CEE97022433ECE50091CDC2 /* PBXContainerItemProxy */;
		};
		2CEE970E2433ECE50091CDC2 /* PBXTargetDependency */ = {
			isa = PBXTargetDependency;
			target = 2CEE96EA2433ECE30091CDC2 /* Hiking */;
			targetProxy = 2CEE970D2433ECE50091CDC2 /* PBXContainerItemProxy */;
		};
/* End PBXTargetDependency section */

/* Begin PBXVariantGroup section */
		2CEE96F92433ECE40091CDC2 /* LaunchScreen.storyboard */ = {
			isa = PBXVariantGroup;
			children = (
				2CEE96FA2433ECE40091CDC2 /* Base */,
			);
			name = LaunchScreen.storyboard;
			sourceTree = "<group>";
		};
/* End PBXVariantGroup section */

/* Begin XCBuildConfiguration section */
		2CEE97132433ECE50091CDC2 /* Debug */ = {
			isa = XCBuildConfiguration;
			buildSettings = {
				ALWAYS_SEARCH_USER_PATHS = NO;
				CLANG_ANALYZER_NONNULL = YES;
				CLANG_ANALYZER_NUMBER_OBJECT_CONVERSION = YES_AGGRESSIVE;
				CLANG_CXX_LANGUAGE_STANDARD = "gnu++14";
				CLANG_CXX_LIBRARY = "libc++";
				CLANG_ENABLE_MODULES = YES;
				CLANG_ENABLE_OBJC_ARC = YES;
				CLANG_ENABLE_OBJC_WEAK = YES;
				CLANG_WARN_BLOCK_CAPTURE_AUTORELEASING = YES;
				CLANG_WARN_BOOL_CONVERSION = YES;
				CLANG_WARN_COMMA = YES;
				CLANG_WARN_CONSTANT_CONVERSION = YES;
				CLANG_WARN_DEPRECATED_OBJC_IMPLEMENTATIONS = YES;
				CLANG_WARN_DIRECT_OBJC_ISA_USAGE = YES_ERROR;
				CLANG_WARN_DOCUMENTATION_COMMENTS = YES;
				CLANG_WARN_EMPTY_BODY = YES;
				CLANG_WARN_ENUM_CONVERSION = YES;
				CLANG_WARN_INFINITE_RECURSION = YES;
				CLANG_WARN_INT_CONVERSION = YES;
				CLANG_WARN_NON_LITERAL_NULL_CONVERSION = YES;
				CLANG_WARN_OBJC_IMPLICIT_RETAIN_SELF = YES;
				CLANG_WARN_OBJC_LITERAL_CONVERSION = YES;
				CLANG_WARN_OBJC_ROOT_CLASS = YES_ERROR;
				CLANG_WARN_RANGE_LOOP_ANALYSIS = YES;
				CLANG_WARN_STRICT_PROTOTYPES = YES;
				CLANG_WARN_SUSPICIOUS_MOVE = YES;
				CLANG_WARN_UNGUARDED_AVAILABILITY = YES_AGGRESSIVE;
				CLANG_WARN_UNREACHABLE_CODE = YES;
				CLANG_WARN__DUPLICATE_METHOD_MATCH = YES;
				COPY_PHASE_STRIP = NO;
				DEBUG_INFORMATION_FORMAT = dwarf;
				ENABLE_STRICT_OBJC_MSGSEND = YES;
				ENABLE_TESTABILITY = YES;
				GCC_C_LANGUAGE_STANDARD = gnu11;
				GCC_DYNAMIC_NO_PIC = NO;
				GCC_NO_COMMON_BLOCKS = YES;
				GCC_OPTIMIZATION_LEVEL = 0;
				GCC_PREPROCESSOR_DEFINITIONS = (
					"DEBUG=1",
					"$(inherited)",
				);
				GCC_WARN_64_TO_32_BIT_CONVERSION = YES;
				GCC_WARN_ABOUT_RETURN_TYPE = YES_ERROR;
				GCC_WARN_UNDECLARED_SELECTOR = YES;
				GCC_WARN_UNINITIALIZED_AUTOS = YES_AGGRESSIVE;
				GCC_WARN_UNUSED_FUNCTION = YES;
				GCC_WARN_UNUSED_VARIABLE = YES;
				IPHONEOS_DEPLOYMENT_TARGET = 13.4;
				MTL_ENABLE_DEBUG_INFO = INCLUDE_SOURCE;
				MTL_FAST_MATH = YES;
				ONLY_ACTIVE_ARCH = YES;
				SDKROOT = iphoneos;
				SWIFT_ACTIVE_COMPILATION_CONDITIONS = DEBUG;
				SWIFT_OPTIMIZATION_LEVEL = "-Onone";
			};
			name = Debug;
		};
		2CEE97142433ECE50091CDC2 /* Release */ = {
			isa = XCBuildConfiguration;
			buildSettings = {
				ALWAYS_SEARCH_USER_PATHS = NO;
				CLANG_ANALYZER_NONNULL = YES;
				CLANG_ANALYZER_NUMBER_OBJECT_CONVERSION = YES_AGGRESSIVE;
				CLANG_CXX_LANGUAGE_STANDARD = "gnu++14";
				CLANG_CXX_LIBRARY = "libc++";
				CLANG_ENABLE_MODULES = YES;
				CLANG_ENABLE_OBJC_ARC = YES;
				CLANG_ENABLE_OBJC_WEAK = YES;
				CLANG_WARN_BLOCK_CAPTURE_AUTORELEASING = YES;
				CLANG_WARN_BOOL_CONVERSION = YES;
				CLANG_WARN_COMMA = YES;
				CLANG_WARN_CONSTANT_CONVERSION = YES;
				CLANG_WARN_DEPRECATED_OBJC_IMPLEMENTATIONS = YES;
				CLANG_WARN_DIRECT_OBJC_ISA_USAGE = YES_ERROR;
				CLANG_WARN_DOCUMENTATION_COMMENTS = YES;
				CLANG_WARN_EMPTY_BODY = YES;
				CLANG_WARN_ENUM_CONVERSION = YES;
				CLANG_WARN_INFINITE_RECURSION = YES;
				CLANG_WARN_INT_CONVERSION = YES;
				CLANG_WARN_NON_LITERAL_NULL_CONVERSION = YES;
				CLANG_WARN_OBJC_IMPLICIT_RETAIN_SELF = YES;
				CLANG_WARN_OBJC_LITERAL_CONVERSION = YES;
				CLANG_WARN_OBJC_ROOT_CLASS = YES_ERROR;
				CLANG_WARN_RANGE_LOOP_ANALYSIS = YES;
				CLANG_WARN_STRICT_PROTOTYPES = YES;
				CLANG_WARN_SUSPICIOUS_MOVE = YES;
				CLANG_WARN_UNGUARDED_AVAILABILITY = YES_AGGRESSIVE;
				CLANG_WARN_UNREACHABLE_CODE = YES;
				CLANG_WARN__DUPLICATE_METHOD_MATCH = YES;
				COPY_PHASE_STRIP = NO;
				DEBUG_INFORMATION_FORMAT = "dwarf-with-dsym";
				ENABLE_NS_ASSERTIONS = NO;
				ENABLE_STRICT_OBJC_MSGSEND = YES;
				GCC_C_LANGUAGE_STANDARD = gnu11;
				GCC_NO_COMMON_BLOCKS = YES;
				GCC_WARN_64_TO_32_BIT_CONVERSION = YES;
				GCC_WARN_ABOUT_RETURN_TYPE = YES_ERROR;
				GCC_WARN_UNDECLARED_SELECTOR = YES;
				GCC_WARN_UNINITIALIZED_AUTOS = YES_AGGRESSIVE;
				GCC_WARN_UNUSED_FUNCTION = YES;
				GCC_WARN_UNUSED_VARIABLE = YES;
				IPHONEOS_DEPLOYMENT_TARGET = 13.4;
				MTL_ENABLE_DEBUG_INFO = NO;
				MTL_FAST_MATH = YES;
				SDKROOT = iphoneos;
				SWIFT_COMPILATION_MODE = wholemodule;
				SWIFT_OPTIMIZATION_LEVEL = "-O";
				VALIDATE_PRODUCT = YES;
			};
			name = Release;
		};
		2CEE97162433ECE50091CDC2 /* Debug */ = {
			isa = XCBuildConfiguration;
			buildSettings = {
				ASSETCATALOG_COMPILER_APPICON_NAME = AppIcon;
				CODE_SIGN_STYLE = Automatic;
				DEVELOPMENT_ASSET_PATHS = "\"Hiking/Preview Content\"";
				DEVELOPMENT_TEAM = 4FTDPDE5LK;
				ENABLE_PREVIEWS = YES;
				INFOPLIST_FILE = Hiking/Info.plist;
				LD_RUNPATH_SEARCH_PATHS = (
					"$(inherited)",
					"@executable_path/Frameworks",
				);
				PRODUCT_BUNDLE_IDENTIFIER = com.sokolovskii.Hiking;
				PRODUCT_NAME = "$(TARGET_NAME)";
				SWIFT_VERSION = 5.0;
				TARGETED_DEVICE_FAMILY = "1,2";
			};
			name = Debug;
		};
		2CEE97172433ECE50091CDC2 /* Release */ = {
			isa = XCBuildConfiguration;
			buildSettings = {
				ASSETCATALOG_COMPILER_APPICON_NAME = AppIcon;
				CODE_SIGN_STYLE = Automatic;
				DEVELOPMENT_ASSET_PATHS = "\"Hiking/Preview Content\"";
				DEVELOPMENT_TEAM = 4FTDPDE5LK;
				ENABLE_PREVIEWS = YES;
				INFOPLIST_FILE = Hiking/Info.plist;
				LD_RUNPATH_SEARCH_PATHS = (
					"$(inherited)",
					"@executable_path/Frameworks",
				);
				PRODUCT_BUNDLE_IDENTIFIER = com.sokolovskii.Hiking;
				PRODUCT_NAME = "$(TARGET_NAME)";
				SWIFT_VERSION = 5.0;
				TARGETED_DEVICE_FAMILY = "1,2";
			};
			name = Release;
		};
		2CEE97192433ECE50091CDC2 /* Debug */ = {
			isa = XCBuildConfiguration;
			buildSettings = {
				ALWAYS_EMBED_SWIFT_STANDARD_LIBRARIES = YES;
				BUNDLE_LOADER = "$(TEST_HOST)";
				CODE_SIGN_STYLE = Automatic;
				DEVELOPMENT_TEAM = 4FTDPDE5LK;
				INFOPLIST_FILE = HikingTests/Info.plist;
				IPHONEOS_DEPLOYMENT_TARGET = 13.4;
				LD_RUNPATH_SEARCH_PATHS = (
					"$(inherited)",
					"@executable_path/Frameworks",
					"@loader_path/Frameworks",
				);
				PRODUCT_BUNDLE_IDENTIFIER = com.sokolovskii.HikingTests;
				PRODUCT_NAME = "$(TARGET_NAME)";
				SWIFT_VERSION = 5.0;
				TARGETED_DEVICE_FAMILY = "1,2";
				TEST_HOST = "$(BUILT_PRODUCTS_DIR)/Hiking.app/Hiking";
			};
			name = Debug;
		};
		2CEE971A2433ECE50091CDC2 /* Release */ = {
			isa = XCBuildConfiguration;
			buildSettings = {
				ALWAYS_EMBED_SWIFT_STANDARD_LIBRARIES = YES;
				BUNDLE_LOADER = "$(TEST_HOST)";
				CODE_SIGN_STYLE = Automatic;
				DEVELOPMENT_TEAM = 4FTDPDE5LK;
				INFOPLIST_FILE = HikingTests/Info.plist;
				IPHONEOS_DEPLOYMENT_TARGET = 13.4;
				LD_RUNPATH_SEARCH_PATHS = (
					"$(inherited)",
					"@executable_path/Frameworks",
					"@loader_path/Frameworks",
				);
				PRODUCT_BUNDLE_IDENTIFIER = com.sokolovskii.HikingTests;
				PRODUCT_NAME = "$(TARGET_NAME)";
				SWIFT_VERSION = 5.0;
				TARGETED_DEVICE_FAMILY = "1,2";
				TEST_HOST = "$(BUILT_PRODUCTS_DIR)/Hiking.app/Hiking";
			};
			name = Release;
		};
		2CEE971C2433ECE50091CDC2 /* Debug */ = {
			isa = XCBuildConfiguration;
			buildSettings = {
				ALWAYS_EMBED_SWIFT_STANDARD_LIBRARIES = YES;
				CODE_SIGN_STYLE = Automatic;
				DEVELOPMENT_TEAM = 4FTDPDE5LK;
				INFOPLIST_FILE = HikingUITests/Info.plist;
				LD_RUNPATH_SEARCH_PATHS = (
					"$(inherited)",
					"@executable_path/Frameworks",
					"@loader_path/Frameworks",
				);
				PRODUCT_BUNDLE_IDENTIFIER = com.sokolovskii.HikingUITests;
				PRODUCT_NAME = "$(TARGET_NAME)";
				SWIFT_VERSION = 5.0;
				TARGETED_DEVICE_FAMILY = "1,2";
				TEST_TARGET_NAME = Hiking;
			};
			name = Debug;
		};
		2CEE971D2433ECE50091CDC2 /* Release */ = {
			isa = XCBuildConfiguration;
			buildSettings = {
				ALWAYS_EMBED_SWIFT_STANDARD_LIBRARIES = YES;
				CODE_SIGN_STYLE = Automatic;
				DEVELOPMENT_TEAM = 4FTDPDE5LK;
				INFOPLIST_FILE = HikingUITests/Info.plist;
				LD_RUNPATH_SEARCH_PATHS = (
					"$(inherited)",
					"@executable_path/Frameworks",
					"@loader_path/Frameworks",
				);
				PRODUCT_BUNDLE_IDENTIFIER = com.sokolovskii.HikingUITests;
				PRODUCT_NAME = "$(TARGET_NAME)";
				SWIFT_VERSION = 5.0;
				TARGETED_DEVICE_FAMILY = "1,2";
				TEST_TARGET_NAME = Hiking;
			};
			name = Release;
		};
/* End XCBuildConfiguration section */

/* Begin XCConfigurationList section */
		2CEE96E62433ECE30091CDC2 /* Build configuration list for PBXProject "Hiking" */ = {
			isa = XCConfigurationList;
			buildConfigurations = (
				2CEE97132433ECE50091CDC2 /* Debug */,
				2CEE97142433ECE50091CDC2 /* Release */,
			);
			defaultConfigurationIsVisible = 0;
			defaultConfigurationName = Release;
		};
		2CEE97152433ECE50091CDC2 /* Build configuration list for PBXNativeTarget "Hiking" */ = {
			isa = XCConfigurationList;
			buildConfigurations = (
				2CEE97162433ECE50091CDC2 /* Debug */,
				2CEE97172433ECE50091CDC2 /* Release */,
			);
			defaultConfigurationIsVisible = 0;
			defaultConfigurationName = Release;
		};
		2CEE97182433ECE50091CDC2 /* Build configuration list for PBXNativeTarget "HikingTests" */ = {
			isa = XCConfigurationList;
			buildConfigurations = (
				2CEE97192433ECE50091CDC2 /* Debug */,
				2CEE971A2433ECE50091CDC2 /* Release */,
			);
			defaultConfigurationIsVisible = 0;
			defaultConfigurationName = Release;
		};
		2CEE971B2433ECE50091CDC2 /* Build configuration list for PBXNativeTarget "HikingUITests" */ = {
			isa = XCConfigurationList;
			buildConfigurations = (
				2CEE971C2433ECE50091CDC2 /* Debug */,
				2CEE971D2433ECE50091CDC2 /* Release */,
			);
			defaultConfigurationIsVisible = 0;
			defaultConfigurationName = Release;
		};
/* End XCConfigurationList section */
	};
	rootObject = 2CEE96E32433ECE30091CDC2 /* Project object */;
}
